
Microsoft Visual Studio Solution File, Format Version 12.00
# Visual Studio Version 17
VisualStudioVersion = 17.14.36221.1
MinimumVisualStudioVersion = 10.0.40219.1
Project("{FAE04EC0-301F-11D3-BF4B-00C04F79EFBC}") = "AWC.UI", "AWC.UI\AWC.UI.csproj", "{33F3694A-BFD6-40D5-A992-75B0F306FABB}"
EndProject
Project("{FAE04EC0-301F-11D3-BF4B-00C04F79EFBC}") = "AWC.CQRS", "AWC.CQRS\AWC.CQRS.csproj", "{86C1E793-9B6C-49E6-93F0-DD98C6CBAA88}"
EndProject
Project("{FAE04EC0-301F-11D3-BF4B-00C04F79EFBC}") = "AWC.Infra", "AWC.Infra\AWC.Infra.csproj", "{B73ED491-2EEF-4C3D-9F2F-B2F3A0746BE6}"
EndProject
Global
	GlobalSection(SolutionConfigurationPlatforms) = preSolution
		Debug|Any CPU = Debug|Any CPU
		Release|Any CPU = Release|Any CPU
	EndGlobalSection
	GlobalSection(ProjectConfigurationPlatforms) = postSolution
		{33F3694A-BFD6-40D5-A992-75B0F306FABB}.Debug|Any CPU.ActiveCfg = Debug|Any CPU
		{33F3694A-BFD6-40D5-A992-75B0F306FABB}.Debug|Any CPU.Build.0 = Debug|Any CPU
		{33F3694A-BFD6-40D5-A992-75B0F306FABB}.Release|Any CPU.ActiveCfg = Release|Any CPU
		{33F3694A-BFD6-40D5-A992-75B0F306FABB}.Release|Any CPU.Build.0 = Release|Any CPU
		{86C1E793-9B6C-49E6-93F0-DD98C6CBAA88}.Debug|Any CPU.ActiveCfg = Debug|Any CPU
		{86C1E793-9B6C-49E6-93F0-DD98C6CBAA88}.Debug|Any CPU.Build.0 = Debug|Any CPU
		{86C1E793-9B6C-49E6-93F0-DD98C6CBAA88}.Release|Any CPU.ActiveCfg = Release|Any CPU
		{86C1E793-9B6C-49E6-93F0-DD98C6CBAA88}.Release|Any CPU.Build.0 = Release|Any CPU
		{B73ED491-2EEF-4C3D-9F2F-B2F3A0746BE6}.Debug|Any CPU.ActiveCfg = Debug|Any CPU
		{B73ED491-2EEF-4C3D-9F2F-B2F3A0746BE6}.Debug|Any CPU.Build.0 = Debug|Any CPU
		{B73ED491-2EEF-4C3D-9F2F-B2F3A0746BE6}.Release|Any CPU.ActiveCfg = Release|Any CPU
		{B73ED491-2EEF-4C3D-9F2F-B2F3A0746BE6}.Release|Any CPU.Build.0 = Release|Any CPU
	EndGlobalSection
	GlobalSection(SolutionProperties) = preSolution
		HideSolutionNode = FALSE
	EndGlobalSection
	GlobalSection(ExtensibilityGlobals) = postSolution
		SolutionGuid = {1F99BAF6-B3A5-4687-9AC4-53F01FD06709}
	EndGlobalSection
EndGlobal
